
Microsoft Visual Studio Solution File, Format Version 12.00
# Visual Studio Version 17
VisualStudioVersion = 17.14.36623.8 d17.14
MinimumVisualStudioVersion = 10.0.40219.1
Project("{FAE04EC0-301F-11D3-BF4B-00C04F79EFBC}") = "WebUygulamaProje1", "WebUygulamaProje1.csproj", "{827D59D0-F01A-4C5F-80AD-C6E9427D9BD9}"
EndProject
Global
	GlobalSection(SolutionConfigurationPlatforms) = preSolution
		Debug|Any CPU = Debug|Any CPU
		Release|Any CPU = Release|Any CPU
	EndGlobalSection
	GlobalSection(ProjectConfigurationPlatforms) = postSolution
		{827D59D0-F01A-4C5F-80AD-C6E9427D9BD9}.Debug|Any CPU.ActiveCfg = Debug|Any CPU
		{827D59D0-F01A-4C5F-80AD-C6E9427D9BD9}.Debug|Any CPU.Build.0 = Debug|Any CPU
		{827D59D0-F01A-4C5F-80AD-C6E9427D9BD9}.Release|Any CPU.ActiveCfg = Release|Any CPU
		{827D59D0-F01A-4C5F-80AD-C6E9427D9BD9}.Release|Any CPU.Build.0 = Release|Any CPU
	EndGlobalSection
	GlobalSection(SolutionProperties) = preSolution
		HideSolutionNode = FALSE
	EndGlobalSection
	GlobalSection(ExtensibilityGlobals) = postSolution
		SolutionGuid = {3118E4AD-2133-4BBC-9018-C4D4350E6527}
	EndGlobalSection
EndGlobal
